
Microsoft Visual Studio Solution File, Format Version 12.00
# Visual Studio 2012
Project("{FAE04EC0-301F-11D3-BF4B-00C04F79EFBC}") = "DynamicDescriptors", "DynamicDescriptors\DynamicDescriptors.csproj", "{1DBF9925-652A-47E7-81D7-06E480492FB2}"
EndProject
Project("{FAE04EC0-301F-11D3-BF4B-00C04F79EFBC}") = "DynamicDescriptors.Tests", "DynamicDescriptors.Tests\DynamicDescriptors.Tests.csproj", "{56A82575-F6DE-4D31-93C7-7455A17E806E}"
EndProject
Global
	GlobalSection(SolutionConfigurationPlatforms) = preSolution
		Debug|Any CPU = Debug|Any CPU
		Release|Any CPU = Release|Any CPU
	EndGlobalSection
	GlobalSection(ProjectConfigurationPlatforms) = postSolution
		{1DBF9925-652A-47E7-81D7-06E480492FB2}.Debug|Any CPU.ActiveCfg = Debug|Any CPU
		{1DBF9925-652A-47E7-81D7-06E480492FB2}.Debug|Any CPU.Build.0 = Debug|Any CPU
		{1DBF9925-652A-47E7-81D7-06E480492FB2}.Release|Any CPU.ActiveCfg = Release|Any CPU
		{1DBF9925-652A-47E7-81D7-06E480492FB2}.Release|Any CPU.Build.0 = Release|Any CPU
		{56A82575-F6DE-4D31-93C7-7455A17E806E}.Debug|Any CPU.ActiveCfg = Debug|Any CPU
		{56A82575-F6DE-4D31-93C7-7455A17E806E}.Debug|Any CPU.Build.0 = Debug|Any CPU
		{56A82575-F6DE-4D31-93C7-7455A17E806E}.Release|Any CPU.ActiveCfg = Release|Any CPU
		{56A82575-F6DE-4D31-93C7-7455A17E806E}.Release|Any CPU.Build.0 = Release|Any CPU
	EndGlobalSection
	GlobalSection(SolutionProperties) = preSolution
		HideSolutionNode = FALSE
	EndGlobalSection
EndGlobal
